// !$*UTF8*$!
{
	archiveVersion = 1;
	classes = {
	};
	objectVersion = 50;
	objects = {

/* Begin PBXBuildFile section */
		5216B42524861F4D00626939 /* MemeCollectionViewController.swift in Sources */ = {isa = PBXBuildFile; fileRef = 5216B42424861F4D00626939 /* MemeCollectionViewController.swift */; };
		5216B42724861F6F00626939 /* MemeTableViewController.swift in Sources */ = {isa = PBXBuildFile; fileRef = 5216B42624861F6F00626939 /* MemeTableViewController.swift */; };
		5216B42C24875D5D00626939 /* MemeCollectionViewCell.swift in Sources */ = {isa = PBXBuildFile; fileRef = 5216B42B24875D5D00626939 /* MemeCollectionViewCell.swift */; };
		5241F09A2487627800D7298F /* MemeViewController.swift in Sources */ = {isa = PBXBuildFile; fileRef = 5241F0992487627800D7298F /* MemeViewController.swift */; };
		5244DC5E248C936C00142343 /* MemeDetailViewController.swift in Sources */ = {isa = PBXBuildFile; fileRef = 5244DC5D248C936C00142343 /* MemeDetailViewController.swift */; };
		5244DC60248CAAF000142343 /* MemeTableViewCell.swift in Sources */ = {isa = PBXBuildFile; fileRef = 5244DC5F248CAAF000142343 /* MemeTableViewCell.swift */; };
		525FC2F2246E39020050FB60 /* AppDelegate.swift in Sources */ = {isa = PBXBuildFile; fileRef = 525FC2F1246E39020050FB60 /* AppDelegate.swift */; };
		525FC2F4246E39020050FB60 /* SceneDelegate.swift in Sources */ = {isa = PBXBuildFile; fileRef = 525FC2F3246E39020050FB60 /* SceneDelegate.swift */; };
		525FC2F6246E39020050FB60 /* MemeEditorViewController.swift in Sources */ = {isa = PBXBuildFile; fileRef = 525FC2F5246E39020050FB60 /* MemeEditorViewController.swift */; };
		525FC2F9246E39020050FB60 /* Main.storyboard in Resources */ = {isa = PBXBuildFile; fileRef = 525FC2F7246E39020050FB60 /* Main.storyboard */; };
		525FC2FB246E39030050FB60 /* Assets.xcassets in Resources */ = {isa = PBXBuildFile; fileRef = 525FC2FA246E39030050FB60 /* Assets.xcassets */; };
		525FC2FE246E39030050FB60 /* LaunchScreen.storyboard in Resources */ = {isa = PBXBuildFile; fileRef = 525FC2FC246E39030050FB60 /* LaunchScreen.storyboard */; };
		525FC309246E39030050FB60 /* MemeMe20Tests.swift in Sources */ = {isa = PBXBuildFile; fileRef = 525FC308246E39030050FB60 /* MemeMe20Tests.swift */; };
		525FC314246E7A6E0050FB60 /* MemeTextFieldDelegate.swift in Sources */ = {isa = PBXBuildFile; fileRef = 525FC313246E7A6E0050FB60 /* MemeTextFieldDelegate.swift */; };
		5272C6842482F172005FC243 /* Meme.swift in Sources */ = {isa = PBXBuildFile; fileRef = 5272C6832482F172005FC243 /* Meme.swift */; };
/* End PBXBuildFile section */

/* Begin PBXContainerItemProxy section */
		525FC305246E39030050FB60 /* PBXContainerItemProxy */ = {
			isa = PBXContainerItemProxy;
			containerPortal = 525FC2E6246E39020050FB60 /* Project object */;
			proxyType = 1;
			remoteGlobalIDString = 525FC2ED246E39020050FB60;
			remoteInfo = MemeMe20;
		};
/* End PBXContainerItemProxy section */

/* Begin PBXFileReference section */
		5216B42424861F4D00626939 /* MemeCollectionViewController.swift */ = {isa = PBXFileReference; lastKnownFileType = sourcecode.swift; path = MemeCollectionViewController.swift; sourceTree = "<group>"; };
		5216B42624861F6F00626939 /* MemeTableViewController.swift */ = {isa = PBXFileReference; lastKnownFileType = sourcecode.swift; path = MemeTableViewController.swift; sourceTree = "<group>"; };
		5216B42B24875D5D00626939 /* MemeCollectionViewCell.swift */ = {isa = PBXFileReference; lastKnownFileType = sourcecode.swift; path = MemeCollectionViewCell.swift; sourceTree = "<group>"; };
		5241F0992487627800D7298F /* MemeViewController.swift */ = {isa = PBXFileReference; lastKnownFileType = sourcecode.swift; path = MemeViewController.swift; sourceTree = "<group>"; };
		5244DC5D248C936C00142343 /* MemeDetailViewController.swift */ = {isa = PBXFileReference; lastKnownFileType = sourcecode.swift; path = MemeDetailViewController.swift; sourceTree = "<group>"; };
		5244DC5F248CAAF000142343 /* MemeTableViewCell.swift */ = {isa = PBXFileReference; lastKnownFileType = sourcecode.swift; path = MemeTableViewCell.swift; sourceTree = "<group>"; };
		525FC2EE246E39020050FB60 /* MemeMe20.app */ = {isa = PBXFileReference; explicitFileType = wrapper.application; includeInIndex = 0; path = MemeMe20.app; sourceTree = BUILT_PRODUCTS_DIR; };
		525FC2F1246E39020050FB60 /* AppDelegate.swift */ = {isa = PBXFileReference; lastKnownFileType = sourcecode.swift; path = AppDelegate.swift; sourceTree = "<group>"; };
		525FC2F3246E39020050FB60 /* SceneDelegate.swift */ = {isa = PBXFileReference; lastKnownFileType = sourcecode.swift; path = SceneDelegate.swift; sourceTree = "<group>"; };
		525FC2F5246E39020050FB60 /* MemeEditorViewController.swift */ = {isa = PBXFileReference; lastKnownFileType = sourcecode.swift; name = MemeEditorViewController.swift; path = ../MemeEditorViewController.swift; sourceTree = "<group>"; };
		525FC2F8246E39020050FB60 /* Base */ = {isa = PBXFileReference; lastKnownFileType = file.storyboard; name = Base; path = Base.lproj/Main.storyboard; sourceTree = "<group>"; };
		525FC2FA246E39030050FB60 /* Assets.xcassets */ = {isa = PBXFileReference; lastKnownFileType = folder.assetcatalog; path = Assets.xcassets; sourceTree = "<group>"; };
		525FC2FD246E39030050FB60 /* Base */ = {isa = PBXFileReference; lastKnownFileType = file.storyboard; name = Base; path = Base.lproj/LaunchScreen.storyboard; sourceTree = "<group>"; };
		525FC2FF246E39030050FB60 /* Info.plist */ = {isa = PBXFileReference; lastKnownFileType = text.plist.xml; path = Info.plist; sourceTree = "<group>"; };
		525FC304246E39030050FB60 /* MemeMe20Tests.xctest */ = {isa = PBXFileReference; explicitFileType = wrapper.cfbundle; includeInIndex = 0; path = MemeMe20Tests.xctest; sourceTree = BUILT_PRODUCTS_DIR; };
		525FC308246E39030050FB60 /* MemeMe20Tests.swift */ = {isa = PBXFileReference; lastKnownFileType = sourcecode.swift; path = MemeMe20Tests.swift; sourceTree = "<group>"; };
		525FC30A246E39030050FB60 /* Info.plist */ = {isa = PBXFileReference; lastKnownFileType = text.plist.xml; path = Info.plist; sourceTree = "<group>"; };
		525FC313246E7A6E0050FB60 /* MemeTextFieldDelegate.swift */ = {isa = PBXFileReference; lastKnownFileType = sourcecode.swift; name = MemeTextFieldDelegate.swift; path = ../MemeTextFieldDelegate.swift; sourceTree = "<group>"; };
		5272C6832482F172005FC243 /* Meme.swift */ = {isa = PBXFileReference; lastKnownFileType = sourcecode.swift; path = Meme.swift; sourceTree = "<group>"; };
/* End PBXFileReference section */

/* Begin PBXFrameworksBuildPhase section */
		525FC2EB246E39020050FB60 /* Frameworks */ = {
			isa = PBXFrameworksBuildPhase;
			buildActionMask = 2147483647;
			files = (
			);
			runOnlyForDeploymentPostprocessing = 0;
		};
		525FC301246E39030050FB60 /* Frameworks */ = {
			isa = PBXFrameworksBuildPhase;
			buildActionMask = 2147483647;
			files = (
			);
			runOnlyForDeploymentPostprocessing = 0;
		};
/* End PBXFrameworksBuildPhase section */

/* Begin PBXGroup section */
		5216B42124861C7E00626939 /* Model */ = {
			isa = PBXGroup;
			children = (
				5272C6832482F172005FC243 /* Meme.swift */,
			);
			path = Model;
			sourceTree = "<group>";
		};
		5216B42324861F2A00626939 /* Controllers */ = {
			isa = PBXGroup;
			children = (
				525FC2F5246E39020050FB60 /* MemeEditorViewController.swift */,
				5216B42424861F4D00626939 /* MemeCollectionViewController.swift */,
				5216B42624861F6F00626939 /* MemeTableViewController.swift */,
				5241F0992487627800D7298F /* MemeViewController.swift */,
				5244DC5D248C936C00142343 /* MemeDetailViewController.swift */,
			);
			path = Controllers;
			sourceTree = "<group>";
		};
		5216B4282486255A00626939 /* Views */ = {
			isa = PBXGroup;
			children = (
				5216B42B24875D5D00626939 /* MemeCollectionViewCell.swift */,
				5244DC5F248CAAF000142343 /* MemeTableViewCell.swift */,
			);
			path = Views;
			sourceTree = "<group>";
		};
		5244DC61248DAB6500142343 /* Delegate */ = {
			isa = PBXGroup;
			children = (
				525FC313246E7A6E0050FB60 /* MemeTextFieldDelegate.swift */,
			);
			path = Delegate;
			sourceTree = "<group>";
		};
		525FC2E5246E39020050FB60 = {
			isa = PBXGroup;
			children = (
				525FC2F0246E39020050FB60 /* MemeMe20 */,
				525FC307246E39030050FB60 /* MemeMe20Tests */,
				525FC2EF246E39020050FB60 /* Products */,
			);
			sourceTree = "<group>";
		};
		525FC2EF246E39020050FB60 /* Products */ = {
			isa = PBXGroup;
			children = (
				525FC2EE246E39020050FB60 /* MemeMe20.app */,
				525FC304246E39030050FB60 /* MemeMe20Tests.xctest */,
			);
			name = Products;
			sourceTree = "<group>";
		};
		525FC2F0246E39020050FB60 /* MemeMe20 */ = {
			isa = PBXGroup;
			children = (
				5244DC61248DAB6500142343 /* Delegate */,
				5216B4282486255A00626939 /* Views */,
				5216B42324861F2A00626939 /* Controllers */,
				5216B42124861C7E00626939 /* Model */,
				525FC2F1246E39020050FB60 /* AppDelegate.swift */,
				525FC2F3246E39020050FB60 /* SceneDelegate.swift */,
				525FC2F7246E39020050FB60 /* Main.storyboard */,
				525FC2FA246E39030050FB60 /* Assets.xcassets */,
				525FC2FC246E39030050FB60 /* LaunchScreen.storyboard */,
				525FC2FF246E39030050FB60 /* Info.plist */,
			);
			path = MemeMe20;
			sourceTree = "<group>";
		};
		525FC307246E39030050FB60 /* MemeMe20Tests */ = {
			isa = PBXGroup;
			children = (
				525FC308246E39030050FB60 /* MemeMe20Tests.swift */,
				525FC30A246E39030050FB60 /* Info.plist */,
			);
			path = MemeMe20Tests;
			sourceTree = "<group>";
		};
/* End PBXGroup section */

/* Begin PBXNativeTarget section */
		525FC2ED246E39020050FB60 /* MemeMe20 */ = {
			isa = PBXNativeTarget;
			buildConfigurationList = 525FC30D246E39030050FB60 /* Build configuration list for PBXNativeTarget "MemeMe20" */;
			buildPhases = (
				525FC2EA246E39020050FB60 /* Sources */,
				525FC2EB246E39020050FB60 /* Frameworks */,
				525FC2EC246E39020050FB60 /* Resources */,
			);
			buildRules = (
			);
			dependencies = (
			);
			name = MemeMe20;
			productName = MemeMe20;
			productReference = 525FC2EE246E39020050FB60 /* MemeMe20.app */;
			productType = "com.apple.product-type.application";
		};
		525FC303246E39030050FB60 /* MemeMe20Tests */ = {
			isa = PBXNativeTarget;
			buildConfigurationList = 525FC310246E39030050FB60 /* Build configuration list for PBXNativeTarget "MemeMe20Tests" */;
			buildPhases = (
				525FC300246E39030050FB60 /* Sources */,
				525FC301246E39030050FB60 /* Frameworks */,
				525FC302246E39030050FB60 /* Resources */,
			);
			buildRules = (
			);
			dependencies = (
				525FC306246E39030050FB60 /* PBXTargetDependency */,
			);
			name = MemeMe20Tests;
			productName = MemeMe20Tests;
			productReference = 525FC304246E39030050FB60 /* MemeMe20Tests.xctest */;
			productType = "com.apple.product-type.bundle.unit-test";
		};
/* End PBXNativeTarget section */

/* Begin PBXProject section */
		525FC2E6246E39020050FB60 /* Project object */ = {
			isa = PBXProject;
			attributes = {
				LastSwiftUpdateCheck = 1140;
				LastUpgradeCheck = 1140;
				ORGANIZATIONNAME = Innovatrix;
				TargetAttributes = {
					525FC2ED246E39020050FB60 = {
						CreatedOnToolsVersion = 11.4.1;
					};
					525FC303246E39030050FB60 = {
						CreatedOnToolsVersion = 11.4.1;
						TestTargetID = 525FC2ED246E39020050FB60;
					};
				};
			};
			buildConfigurationList = 525FC2E9246E39020050FB60 /* Build configuration list for PBXProject "MemeMe20" */;
			compatibilityVersion = "Xcode 9.3";
			developmentRegion = en;
			hasScannedForEncodings = 0;
			knownRegions = (
				en,
				Base,
			);
			mainGroup = 525FC2E5246E39020050FB60;
			productRefGroup = 525FC2EF246E39020050FB60 /* Products */;
			projectDirPath = "";
			projectRoot = "";
			targets = (
				525FC2ED246E39020050FB60 /* MemeMe20 */,
				525FC303246E39030050FB60 /* MemeMe20Tests */,
			);
		};
/* End PBXProject section */

/* Begin PBXResourcesBuildPhase section */
		525FC2EC246E39020050FB60 /* Resources */ = {
			isa = PBXResourcesBuildPhase;
			buildActionMask = 2147483647;
			files = (
				525FC2FE246E39030050FB60 /* LaunchScreen.storyboard in Resources */,
				525FC2FB246E39030050FB60 /* Assets.xcassets in Resources */,
				525FC2F9246E39020050FB60 /* Main.storyboard in Resources */,
			);
			runOnlyForDeploymentPostprocessing = 0;
		};
		525FC302246E39030050FB60 /* Resources */ = {
			isa = PBXResourcesBuildPhase;
			buildActionMask = 2147483647;
			files = (
			);
			runOnlyForDeploymentPostprocessing = 0;
		};
/* End PBXResourcesBuildPhase section */

/* Begin PBXSourcesBuildPhase section */
		525FC2EA246E39020050FB60 /* Sources */ = {
			isa = PBXSourcesBuildPhase;
			buildActionMask = 2147483647;
			files = (
				5244DC60248CAAF000142343 /* MemeTableViewCell.swift in Sources */,
				525FC2F6246E39020050FB60 /* MemeEditorViewController.swift in Sources */,
				5216B42724861F6F00626939 /* MemeTableViewController.swift in Sources */,
				5216B42C24875D5D00626939 /* MemeCollectionViewCell.swift in Sources */,
				525FC2F2246E39020050FB60 /* AppDelegate.swift in Sources */,
				5241F09A2487627800D7298F /* MemeViewController.swift in Sources */,
				525FC314246E7A6E0050FB60 /* MemeTextFieldDelegate.swift in Sources */,
				525FC2F4246E39020050FB60 /* SceneDelegate.swift in Sources */,
				5216B42524861F4D00626939 /* MemeCollectionViewController.swift in Sources */,
				5272C6842482F172005FC243 /* Meme.swift in Sources */,
				5244DC5E248C936C00142343 /* MemeDetailViewController.swift in Sources */,
			);
			runOnlyForDeploymentPostprocessing = 0;
		};
		525FC300246E39030050FB60 /* Sources */ = {
			isa = PBXSourcesBuildPhase;
			buildActionMask = 2147483647;
			files = (
				525FC309246E39030050FB60 /* MemeMe20Tests.swift in Sources */,
			);
			runOnlyForDeploymentPostprocessing = 0;
		};
/* End PBXSourcesBuildPhase section */

/* Begin PBXTargetDependency section */
		525FC306246E39030050FB60 /* PBXTargetDependency */ = {
			isa = PBXTargetDependency;
			target = 525FC2ED246E39020050FB60 /* MemeMe20 */;
			targetProxy = 525FC305246E39030050FB60 /* PBXContainerItemProxy */;
		};
/* End PBXTargetDependency section */

/* Begin PBXVariantGroup section */
		525FC2F7246E39020050FB60 /* Main.storyboard */ = {
			isa = PBXVariantGroup;
			children = (
				525FC2F8246E39020050FB60 /* Base */,
			);
			name = Main.storyboard;
			sourceTree = "<group>";
		};
		525FC2FC246E39030050FB60 /* LaunchScreen.storyboard */ = {
			isa = PBXVariantGroup;
			children = (
				525FC2FD246E39030050FB60 /* Base */,
			);
			name = LaunchScreen.storyboard;
			sourceTree = "<group>";
		};
/* End PBXVariantGroup section */

/* Begin XCBuildConfiguration section */
		525FC30B246E39030050FB60 /* Debug */ = {
			isa = XCBuildConfiguration;
			buildSettings = {
				ALWAYS_SEARCH_USER_PATHS = NO;
				CLANG_ANALYZER_NONNULL = YES;
				CLANG_ANALYZER_NUMBER_OBJECT_CONVERSION = YES_AGGRESSIVE;
				CLANG_CXX_LANGUAGE_STANDARD = "gnu++14";
				CLANG_CXX_LIBRARY = "libc++";
				CLANG_ENABLE_MODULES = YES;
				CLANG_ENABLE_OBJC_ARC = YES;
				CLANG_ENABLE_OBJC_WEAK = YES;
				CLANG_WARN_BLOCK_CAPTURE_AUTORELEASING = YES;
				CLANG_WARN_BOOL_CONVERSION = YES;
				CLANG_WARN_COMMA = YES;
				CLANG_WARN_CONSTANT_CONVERSION = YES;
				CLANG_WARN_DEPRECATED_OBJC_IMPLEMENTATIONS = YES;
				CLANG_WARN_DIRECT_OBJC_ISA_USAGE = YES_ERROR;
				CLANG_WARN_DOCUMENTATION_COMMENTS = YES;
				CLANG_WARN_EMPTY_BODY = YES;
				CLANG_WARN_ENUM_CONVERSION = YES;
				CLANG_WARN_INFINITE_RECURSION = YES;
				CLANG_WARN_INT_CONVERSION = YES;
				CLANG_WARN_NON_LITERAL_NULL_CONVERSION = YES;
				CLANG_WARN_OBJC_IMPLICIT_RETAIN_SELF = YES;
				CLANG_WARN_OBJC_LITERAL_CONVERSION = YES;
				CLANG_WARN_OBJC_ROOT_CLASS = YES_ERROR;
				CLANG_WARN_RANGE_LOOP_ANALYSIS = YES;
				CLANG_WARN_STRICT_PROTOTYPES = YES;
				CLANG_WARN_SUSPICIOUS_MOVE = YES;
				CLANG_WARN_UNGUARDED_AVAILABILITY = YES_AGGRESSIVE;
				CLANG_WARN_UNREACHABLE_CODE = YES;
				CLANG_WARN__DUPLICATE_METHOD_MATCH = YES;
				COPY_PHASE_STRIP = NO;
				DEBUG_INFORMATION_FORMAT = dwarf;
				ENABLE_STRICT_OBJC_MSGSEND = YES;
				ENABLE_TESTABILITY = YES;
				GCC_C_LANGUAGE_STANDARD = gnu11;
				GCC_DYNAMIC_NO_PIC = NO;
				GCC_NO_COMMON_BLOCKS = YES;
				GCC_OPTIMIZATION_LEVEL = 0;
				GCC_PREPROCESSOR_DEFINITIONS = (
					"DEBUG=1",
					"$(inherited)",
				);
				GCC_WARN_64_TO_32_BIT_CONVERSION = YES;
				GCC_WARN_ABOUT_RETURN_TYPE = YES_ERROR;
				GCC_WARN_UNDECLARED_SELECTOR = YES;
				GCC_WARN_UNINITIALIZED_AUTOS = YES_AGGRESSIVE;
				GCC_WARN_UNUSED_FUNCTION = YES;
				GCC_WARN_UNUSED_VARIABLE = YES;
				IPHONEOS_DEPLOYMENT_TARGET = 13.4;
				MTL_ENABLE_DEBUG_INFO = INCLUDE_SOURCE;
				MTL_FAST_MATH = YES;
				ONLY_ACTIVE_ARCH = YES;
				SDKROOT = iphoneos;
				SWIFT_ACTIVE_COMPILATION_CONDITIONS = DEBUG;
				SWIFT_OPTIMIZATION_LEVEL = "-Onone";
			};
			name = Debug;
		};
		525FC30C246E39030050FB60 /* Release */ = {
			isa = XCBuildConfiguration;
			buildSettings = {
				ALWAYS_SEARCH_USER_PATHS = NO;
				CLANG_ANALYZER_NONNULL = YES;
				CLANG_ANALYZER_NUMBER_OBJECT_CONVERSION = YES_AGGRESSIVE;
				CLANG_CXX_LANGUAGE_STANDARD = "gnu++14";
				CLANG_CXX_LIBRARY = "libc++";
				CLANG_ENABLE_MODULES = YES;
				CLANG_ENABLE_OBJC_ARC = YES;
				CLANG_ENABLE_OBJC_WEAK = YES;
				CLANG_WARN_BLOCK_CAPTURE_AUTORELEASING = YES;
				CLANG_WARN_BOOL_CONVERSION = YES;
				CLANG_WARN_COMMA = YES;
				CLANG_WARN_CONSTANT_CONVERSION = YES;
				CLANG_WARN_DEPRECATED_OBJC_IMPLEMENTATIONS = YES;
				CLANG_WARN_DIRECT_OBJC_ISA_USAGE = YES_ERROR;
				CLANG_WARN_DOCUMENTATION_COMMENTS = YES;
				CLANG_WARN_EMPTY_BODY = YES;
				CLANG_WARN_ENUM_CONVERSION = YES;
				CLANG_WARN_INFINITE_RECURSION = YES;
				CLANG_WARN_INT_CONVERSION = YES;
				CLANG_WARN_NON_LITERAL_NULL_CONVERSION = YES;
				CLANG_WARN_OBJC_IMPLICIT_RETAIN_SELF = YES;
				CLANG_WARN_OBJC_LITERAL_CONVERSION = YES;
				CLANG_WARN_OBJC_ROOT_CLASS = YES_ERROR;
				CLANG_WARN_RANGE_LOOP_ANALYSIS = YES;
				CLANG_WARN_STRICT_PROTOTYPES = YES;
				CLANG_WARN_SUSPICIOUS_MOVE = YES;
				CLANG_WARN_UNGUARDED_AVAILABILITY = YES_AGGRESSIVE;
				CLANG_WARN_UNREACHABLE_CODE = YES;
				CLANG_WARN__DUPLICATE_METHOD_MATCH = YES;
				COPY_PHASE_STRIP = NO;
				DEBUG_INFORMATION_FORMAT = "dwarf-with-dsym";
				ENABLE_NS_ASSERTIONS = NO;
				ENABLE_STRICT_OBJC_MSGSEND = YES;
				GCC_C_LANGUAGE_STANDARD = gnu11;
				GCC_NO_COMMON_BLOCKS = YES;
				GCC_WARN_64_TO_32_BIT_CONVERSION = YES;
				GCC_WARN_ABOUT_RETURN_TYPE = YES_ERROR;
				GCC_WARN_UNDECLARED_SELECTOR = YES;
				GCC_WARN_UNINITIALIZED_AUTOS = YES_AGGRESSIVE;
				GCC_WARN_UNUSED_FUNCTION = YES;
				GCC_WARN_UNUSED_VARIABLE = YES;
				IPHONEOS_DEPLOYMENT_TARGET = 13.4;
				MTL_ENABLE_DEBUG_INFO = NO;
				MTL_FAST_MATH = YES;
				SDKROOT = iphoneos;
				SWIFT_COMPILATION_MODE = wholemodule;
				SWIFT_OPTIMIZATION_LEVEL = "-O";
				VALIDATE_PRODUCT = YES;
			};
			name = Release;
		};
		525FC30E246E39030050FB60 /* Debug */ = {
			isa = XCBuildConfiguration;
			buildSettings = {
				ASSETCATALOG_COMPILER_APPICON_NAME = AppIcon;
				CODE_SIGN_STYLE = Automatic;
				INFOPLIST_FILE = MemeMe20/Info.plist;
				LD_RUNPATH_SEARCH_PATHS = (
					"$(inherited)",
					"@executable_path/Frameworks",
				);
				PRODUCT_BUNDLE_IDENTIFIER = com.innovatrix.MemeMe20;
				PRODUCT_NAME = "$(TARGET_NAME)";
				SWIFT_VERSION = 5.0;
				TARGETED_DEVICE_FAMILY = "1,2";
			};
			name = Debug;
		};
		525FC30F246E39030050FB60 /* Release */ = {
			isa = XCBuildConfiguration;
			buildSettings = {
				ASSETCATALOG_COMPILER_APPICON_NAME = AppIcon;
				CODE_SIGN_STYLE = Automatic;
				INFOPLIST_FILE = MemeMe20/Info.plist;
				LD_RUNPATH_SEARCH_PATHS = (
					"$(inherited)",
					"@executable_path/Frameworks",
				);
				PRODUCT_BUNDLE_IDENTIFIER = com.innovatrix.MemeMe20;
				PRODUCT_NAME = "$(TARGET_NAME)";
				SWIFT_VERSION = 5.0;
				TARGETED_DEVICE_FAMILY = "1,2";
			};
			name = Release;
		};
		525FC311246E39030050FB60 /* Debug */ = {
			isa = XCBuildConfiguration;
			buildSettings = {
				ALWAYS_EMBED_SWIFT_STANDARD_LIBRARIES = YES;
				BUNDLE_LOADER = "$(TEST_HOST)";
				CODE_SIGN_STYLE = Automatic;
				INFOPLIST_FILE = MemeMe20Tests/Info.plist;
				IPHONEOS_DEPLOYMENT_TARGET = 13.4;
				LD_RUNPATH_SEARCH_PATHS = (
					"$(inherited)",
					"@executable_path/Frameworks",
					"@loader_path/Frameworks",
				);
				PRODUCT_BUNDLE_IDENTIFIER = com.innovatrix.MemeMe20Tests;
				PRODUCT_NAME = "$(TARGET_NAME)";
				SWIFT_VERSION = 5.0;
				TARGETED_DEVICE_FAMILY = "1,2";
				TEST_HOST = "$(BUILT_PRODUCTS_DIR)/MemeMe20.app/MemeMe20";
			};
			name = Debug;
		};
		525FC312246E39030050FB60 /* Release */ = {
			isa = XCBuildConfiguration;
			buildSettings = {
				ALWAYS_EMBED_SWIFT_STANDARD_LIBRARIES = YES;
				BUNDLE_LOADER = "$(TEST_HOST)";
				CODE_SIGN_STYLE = Automatic;
				INFOPLIST_FILE = MemeMe20Tests/Info.plist;
				IPHONEOS_DEPLOYMENT_TARGET = 13.4;
				LD_RUNPATH_SEARCH_PATHS = (
					"$(inherited)",
					"@executable_path/Frameworks",
					"@loader_path/Frameworks",
				);
				PRODUCT_BUNDLE_IDENTIFIER = com.innovatrix.MemeMe20Tests;
				PRODUCT_NAME = "$(TARGET_NAME)";
				SWIFT_VERSION = 5.0;
				TARGETED_DEVICE_FAMILY = "1,2";
				TEST_HOST = "$(BUILT_PRODUCTS_DIR)/MemeMe20.app/MemeMe20";
			};
			name = Release;
		};
/* End XCBuildConfiguration section */

/* Begin XCConfigurationList section */
		525FC2E9246E39020050FB60 /* Build configuration list for PBXProject "MemeMe20" */ = {
			isa = XCConfigurationList;
			buildConfigurations = (
				525FC30B246E39030050FB60 /* Debug */,
				525FC30C246E39030050FB60 /* Release */,
			);
			defaultConfigurationIsVisible = 0;
			defaultConfigurationName = Release;
		};
		525FC30D246E39030050FB60 /* Build configuration list for PBXNativeTarget "MemeMe20" */ = {
			isa = XCConfigurationList;
			buildConfigurations = (
				525FC30E246E39030050FB60 /* Debug */,
				525FC30F246E39030050FB60 /* Release */,
			);
			defaultConfigurationIsVisible = 0;
			defaultConfigurationName = Release;
		};
		525FC310246E39030050FB60 /* Build configuration list for PBXNativeTarget "MemeMe20Tests" */ = {
			isa = XCConfigurationList;
			buildConfigurations = (
				525FC311246E39030050FB60 /* Debug */,
				525FC312246E39030050FB60 /* Release */,
			);
			defaultConfigurationIsVisible = 0;
			defaultConfigurationName = Release;
		};
/* End XCConfigurationList section */
	};
	rootObject = 525FC2E6246E39020050FB60 /* Project object */;
}
